
Microsoft Visual Studio Solution File, Format Version 12.00
# Visual Studio Version 17
VisualStudioVersion = 17.2.32526.322
MinimumVisualStudioVersion = 10.0.40219.1
Project("{FAE04EC0-301F-11D3-BF4B-00C04F79EFBC}") = "SqlDB", "SqlDB.csproj", "{0F972F1C-2CCA-4023-B63B-E8579BACA544}"
EndProject
Global
	GlobalSection(SolutionConfigurationPlatforms) = preSolution
		Debug|Any CPU = Debug|Any CPU
		Release|Any CPU = Release|Any CPU
	EndGlobalSection
	GlobalSection(ProjectConfigurationPlatforms) = postSolution
		{0F972F1C-2CCA-4023-B63B-E8579BACA544}.Debug|Any CPU.ActiveCfg = Debug|Any CPU
		{0F972F1C-2CCA-4023-B63B-E8579BACA544}.Debug|Any CPU.Build.0 = Debug|Any CPU
		{0F972F1C-2CCA-4023-B63B-E8579BACA544}.Release|Any CPU.ActiveCfg = Release|Any CPU
		{0F972F1C-2CCA-4023-B63B-E8579BACA544}.Release|Any CPU.Build.0 = Release|Any CPU
	EndGlobalSection
	GlobalSection(SolutionProperties) = preSolution
		HideSolutionNode = FALSE
	EndGlobalSection
	GlobalSection(ExtensibilityGlobals) = postSolution
		SolutionGuid = {6285A9B2-9981-4EC7-B516-8B7329D862FA}
	EndGlobalSection
EndGlobal
